
Microsoft Visual Studio Solution File, Format Version 12.00
# Visual Studio Version 16
VisualStudioVersion = 16.0.32106.194
MinimumVisualStudioVersion = 10.0.40219.1
Project("{FAE04EC0-301F-11D3-BF4B-00C04F79EFBC}") = "WebApplisonu1", "WebApplisonu1\WebApplisonu1.csproj", "{530ABC61-5CBB-4B08-99F4-A594BDFB52F4}"
EndProject
Global
	GlobalSection(SolutionConfigurationPlatforms) = preSolution
		Debug|Any CPU = Debug|Any CPU
		Release|Any CPU = Release|Any CPU
	EndGlobalSection
	GlobalSection(ProjectConfigurationPlatforms) = postSolution
		{530ABC61-5CBB-4B08-99F4-A594BDFB52F4}.Debug|Any CPU.ActiveCfg = Debug|Any CPU
		{530ABC61-5CBB-4B08-99F4-A594BDFB52F4}.Debug|Any CPU.Build.0 = Debug|Any CPU
		{530ABC61-5CBB-4B08-99F4-A594BDFB52F4}.Release|Any CPU.ActiveCfg = Release|Any CPU
		{530ABC61-5CBB-4B08-99F4-A594BDFB52F4}.Release|Any CPU.Build.0 = Release|Any CPU
	EndGlobalSection
	GlobalSection(SolutionProperties) = preSolution
		HideSolutionNode = FALSE
	EndGlobalSection
	GlobalSection(ExtensibilityGlobals) = postSolution
		SolutionGuid = {7E238D34-7F9E-4C8B-B5A5-694B5CFB6B81}
	EndGlobalSection
EndGlobal
